
Microsoft Visual Studio Solution File, Format Version 12.00
# Visual Studio Version 17
VisualStudioVersion = 17.0.31912.275
MinimumVisualStudioVersion = 10.0.40219.1
Project("{9A19103F-16F7-4668-BE54-9A1E7A4F7556}") = "problem-16", "problem-16.csproj", "{194B3A74-EA3F-4C7A-8DD1-243556916E3C}"
EndProject
Global
	GlobalSection(SolutionConfigurationPlatforms) = preSolution
		Debug|Any CPU = Debug|Any CPU
		Release|Any CPU = Release|Any CPU
	EndGlobalSection
	GlobalSection(ProjectConfigurationPlatforms) = postSolution
		{194B3A74-EA3F-4C7A-8DD1-243556916E3C}.Debug|Any CPU.ActiveCfg = Debug|Any CPU
		{194B3A74-EA3F-4C7A-8DD1-243556916E3C}.Debug|Any CPU.Build.0 = Debug|Any CPU
		{194B3A74-EA3F-4C7A-8DD1-243556916E3C}.Release|Any CPU.ActiveCfg = Release|Any CPU
		{194B3A74-EA3F-4C7A-8DD1-243556916E3C}.Release|Any CPU.Build.0 = Release|Any CPU
	EndGlobalSection
	GlobalSection(SolutionProperties) = preSolution
		HideSolutionNode = FALSE
	EndGlobalSection
	GlobalSection(ExtensibilityGlobals) = postSolution
		SolutionGuid = {37DE292F-90D8-4121-9380-75F367BB6204}
	EndGlobalSection
EndGlobal
